<?xml version="1.0" encoding="UTF-8"?>
<!DOCTYPE plist PUBLIC "-//Apple//DTD PLIST 1.0//EN" "http://www.apple.com/DTDs/PropertyList-1.0.dtd">
<plist version="1.0">
<dict>
	<key>archiveVersion</key>
	<string>1</string>
	<key>classes</key>
	<dict/>
	<key>objectVersion</key>
	<string>46</string>
	<key>objects</key>
	<dict>
		<key>38C549DEDD185934AFD0031E</key>
		<dict>
			<key>includeInIndex</key>
			<string>1</string>
			<key>isa</key>
			<string>PBXFileReference</string>
			<key>lastKnownFileType</key>
			<string>text.xcconfig</string>
			<key>name</key>
			<string>Pods.release.xcconfig</string>
			<key>path</key>
			<string>Pods/Target Support Files/Pods/Pods.release.xcconfig</string>
			<key>sourceTree</key>
			<string>&lt;group&gt;</string>
		</dict>
		<key>393630163E6ADAD081874A2F</key>
		<dict>
			<key>explicitFileType</key>
			<string>archive.ar</string>
			<key>includeInIndex</key>
			<string>0</string>
			<key>isa</key>
			<string>PBXFileReference</string>
			<key>path</key>
			<string>libPods.a</string>
			<key>sourceTree</key>
			<string>BUILT_PRODUCTS_DIR</string>
		</dict>
		<key>47C3E0F91A0853A300DE3E22</key>
		<dict>
			<key>isa</key>
			<string>PBXFileReference</string>
			<key>lastKnownFileType</key>
			<string>wrapper.framework</string>
			<key>name</key>
			<string>AssetsLibrary.framework</string>
			<key>path</key>
			<string>System/Library/Frameworks/AssetsLibrary.framework</string>
			<key>sourceTree</key>
			<string>SDKROOT</string>
		</dict>
		<key>47C3E0FA1A0853A300DE3E22</key>
		<dict>
			<key>fileRef</key>
			<string>47C3E0F91A0853A300DE3E22</string>
			<key>isa</key>
			<string>PBXBuildFile</string>
		</dict>
		<key>47EE25D419D4670E00755E90</key>
		<dict>
			<key>isa</key>
			<string>PBXFileReference</string>
			<key>lastKnownFileType</key>
			<string>image.png</string>
			<key>path</key>
			<string>photo_close_icon@2x.png</string>
			<key>sourceTree</key>
			<string>&lt;group&gt;</string>
		</dict>
		<key>47EE25D519D4670E00755E90</key>
		<dict>
			<key>fileRef</key>
			<string>47EE25D419D4670E00755E90</string>
			<key>isa</key>
			<string>PBXBuildFile</string>
		</dict>
		<key>956BA901BB5F4D5DE19B1717</key>
		<dict>
			<key>fileRef</key>
			<string>393630163E6ADAD081874A2F</string>
			<key>isa</key>
			<string>PBXBuildFile</string>
		</dict>
		<key>AAB17E7FEA1BBA05F0CD7EBD</key>
		<dict>
			<key>children</key>
			<array>
				<string>E8F38B6EA8F31FB030446E8F</string>
				<string>38C549DEDD185934AFD0031E</string>
			</array>
			<key>isa</key>
			<string>PBXGroup</string>
			<key>name</key>
			<string>Pods</string>
			<key>sourceTree</key>
			<string>&lt;group&gt;</string>
		</dict>
		<key>C7486A7E7ED3E3622D470EAF</key>
		<dict>
			<key>buildActionMask</key>
			<string>2147483647</string>
			<key>files</key>
			<array/>
			<key>inputPaths</key>
			<array/>
			<key>isa</key>
			<string>PBXShellScriptBuildPhase</string>
			<key>name</key>
			<string>Check Pods Manifest.lock</string>
			<key>outputPaths</key>
			<array/>
			<key>runOnlyForDeploymentPostprocessing</key>
			<string>0</string>
			<key>shellPath</key>
			<string>/bin/sh</string>
			<key>shellScript</key>
			<string>diff "${PODS_ROOT}/../Podfile.lock" "${PODS_ROOT}/Manifest.lock" &gt; /dev/null
if [[ $? != 0 ]] ; then
    cat &lt;&lt; EOM
error: The sandbox is not in sync with the Podfile.lock. Run 'pod install' or update your CocoaPods installation.
EOM
    exit 1
fi
</string>
			<key>showEnvVarsInLog</key>
			<string>0</string>
		</dict>
		<key>E11D96AA18BAEA84005012B9</key>
		<dict>
			<key>isa</key>
			<string>PBXFileReference</string>
			<key>lastKnownFileType</key>
			<string>image.jpeg</string>
			<key>path</key>
			<string>meizi.jpg</string>
			<key>sourceTree</key>
			<string>&lt;group&gt;</string>
		</dict>
		<key>E11D96AB18BAEA84005012B9</key>
		<dict>
			<key>fileRef</key>
			<string>E11D96AA18BAEA84005012B9</string>
			<key>isa</key>
			<string>PBXBuildFile</string>
		</dict>
		<key>E14B95C3188E7C9D00BE2690</key>
		<dict>
			<key>children</key>
			<array>
				<string>E14B95C4188E7CD200BE2690</string>
				<string>E14B95C5188E7CD200BE2690</string>
			</array>
			<key>isa</key>
			<string>PBXGroup</string>
			<key>name</key>
			<string>Post</string>
			<key>sourceTree</key>
			<string>&lt;group&gt;</string>
		</dict>
		<key>E14B95C4188E7CD200BE2690</key>
		<dict>
			<key>fileEncoding</key>
			<string>4</string>
			<key>isa</key>
			<string>PBXFileReference</string>
			<key>lastKnownFileType</key>
			<string>sourcecode.c.h</string>
			<key>name</key>
			<string>PostViewController.h</string>
			<key>path</key>
			<string>Post/PostViewController.h</string>
			<key>sourceTree</key>
			<string>SOURCE_ROOT</string>
		</dict>
		<key>E14B95C5188E7CD200BE2690</key>
		<dict>
			<key>fileEncoding</key>
			<string>4</string>
			<key>isa</key>
			<string>PBXFileReference</string>
			<key>lastKnownFileType</key>
			<string>sourcecode.c.objc</string>
			<key>name</key>
			<string>PostViewController.m</string>
			<key>path</key>
			<string>Post/PostViewController.m</string>
			<key>sourceTree</key>
			<string>SOURCE_ROOT</string>
		</dict>
		<key>E14B95C6188E7CD200BE2690</key>
		<dict>
			<key>fileRef</key>
			<string>E14B95C5188E7CD200BE2690</string>
			<key>isa</key>
			<string>PBXBuildFile</string>
		</dict>
		<key>E14F6000188A2C8400FE3CCA</key>
		<dict>
			<key>children</key>
			<array>
				<string>E14F6012188A2C8400FE3CCA</string>
				<string>E14F600B188A2C8400FE3CCA</string>
				<string>E14F600A188A2C8400FE3CCA</string>
				<string>AAB17E7FEA1BBA05F0CD7EBD</string>
			</array>
			<key>isa</key>
			<string>PBXGroup</string>
			<key>sourceTree</key>
			<string>&lt;group&gt;</string>
		</dict>
		<key>E14F6001188A2C8400FE3CCA</key>
		<dict>
			<key>attributes</key>
			<dict>
				<key>LastUpgradeCheck</key>
				<string>0460</string>
				<key>ORGANIZATIONNAME</key>
				<string>Aevitx</string>
			</dict>
			<key>buildConfigurationList</key>
			<string>E14F6004188A2C8400FE3CCA</string>
			<key>compatibilityVersion</key>
			<string>Xcode 3.2</string>
			<key>developmentRegion</key>
			<string>English</string>
			<key>hasScannedForEncodings</key>
			<string>0</string>
			<key>isa</key>
			<string>PBXProject</string>
			<key>knownRegions</key>
			<array>
				<string>en</string>
			</array>
			<key>mainGroup</key>
			<string>E14F6000188A2C8400FE3CCA</string>
			<key>productRefGroup</key>
			<string>E14F600A188A2C8400FE3CCA</string>
			<key>projectDirPath</key>
			<string></string>
			<key>projectReferences</key>
			<array/>
			<key>projectRoot</key>
			<string></string>
			<key>targets</key>
			<array>
				<string>E14F6008188A2C8400FE3CCA</string>
			</array>
		</dict>
		<key>E14F6004188A2C8400FE3CCA</key>
		<dict>
			<key>buildConfigurations</key>
			<array>
				<string>E14F602D188A2C8400FE3CCA</string>
				<string>E14F602E188A2C8400FE3CCA</string>
			</array>
			<key>defaultConfigurationIsVisible</key>
			<string>0</string>
			<key>defaultConfigurationName</key>
			<string>Release</string>
			<key>isa</key>
			<string>XCConfigurationList</string>
		</dict>
		<key>E14F6005188A2C8400FE3CCA</key>
		<dict>
			<key>buildActionMask</key>
			<string>2147483647</string>
			<key>files</key>
			<array>
				<string>E14F6019188A2C8400FE3CCA</string>
				<string>E14F601D188A2C8400FE3CCA</string>
				<string>E14F6026188A2C8400FE3CCA</string>
				<string>E1F1A6EF188A773400158677</string>
				<string>E1F1A6F0188A773400158677</string>
				<string>E1F1A6F1188A773400158677</string>
				<string>E1F1A6F2188A773400158677</string>
				<string>E1F1A6F3188A773400158677</string>
				<string>E1F1A6F4188A773400158677</string>
				<string>E1F1A70D188A773400158677</string>
				<string>E1F1A70E188A773400158677</string>
				<string>E1F1A70F188A773400158677</string>
				<string>E1F1A710188A773400158677</string>
				<string>E14B95C6188E7CD200BE2690</string>
				<string>E157BB7218935CD400D80041</string>
				<string>E157BB7518935CF600D80041</string>
				<string>E157BB83189366CF00D80041</string>
			</array>
			<key>isa</key>
			<string>PBXSourcesBuildPhase</string>
			<key>runOnlyForDeploymentPostprocessing</key>
			<string>0</string>
		</dict>
		<key>E14F6006188A2C8400FE3CCA</key>
		<dict>
			<key>buildActionMask</key>
			<string>2147483647</string>
			<key>files</key>
			<array>
				<string>47C3E0FA1A0853A300DE3E22</string>
				<string>E14F6096188A2ED000FE3CCA</string>
				<string>E14F6093188A2D7700FE3CCA</string>
				<string>E14F6095188A2D8100FE3CCA</string>
				<string>E14F6094188A2D7D00FE3CCA</string>
				<string>E14F600D188A2C8400FE3CCA</string>
				<string>E14F600F188A2C8400FE3CCA</string>
				<string>E14F6011188A2C8400FE3CCA</string>
				<string>956BA901BB5F4D5DE19B1717</string>
			</array>
			<key>isa</key>
			<string>PBXFrameworksBuildPhase</string>
			<key>runOnlyForDeploymentPostprocessing</key>
			<string>0</string>
		</dict>
		<key>E14F6007188A2C8400FE3CCA</key>
		<dict>
			<key>buildActionMask</key>
			<string>2147483647</string>
			<key>files</key>
			<array>
				<string>E14F6017188A2C8400FE3CCA</string>
				<string>E14F601F188A2C8400FE3CCA</string>
				<string>E14F6021188A2C8400FE3CCA</string>
				<string>E14F6023188A2C8400FE3CCA</string>
				<string>E14F6029188A2C8400FE3CCA</string>
				<string>E14F602C188A2C8400FE3CCA</string>
				<string>E1F1A6FE188A773400158677</string>
				<string>E1F1A700188A773400158677</string>
				<string>E1F1A702188A773400158677</string>
				<string>E1F1A704188A773400158677</string>
				<string>E1F1A706188A773400158677</string>
				<string>E1F1A708188A773400158677</string>
				<string>E1F1A70B188A773400158677</string>
				<string>47EE25D519D4670E00755E90</string>
				<string>E1F1A70C188A773400158677</string>
				<string>E11D96AB18BAEA84005012B9</string>
				<string>E152FC63188B78C600BE1AE7</string>
				<string>E152FC64188B78C600BE1AE7</string>
				<string>E157BB82189366CF00D80041</string>
			</array>
			<key>isa</key>
			<string>PBXResourcesBuildPhase</string>
			<key>runOnlyForDeploymentPostprocessing</key>
			<string>0</string>
		</dict>
		<key>E14F6008188A2C8400FE3CCA</key>
		<dict>
			<key>buildConfigurationList</key>
			<string>E14F602F188A2C8400FE3CCA</string>
			<key>buildPhases</key>
			<array>
				<string>C7486A7E7ED3E3622D470EAF</string>
				<string>E14F6005188A2C8400FE3CCA</string>
				<string>E14F6006188A2C8400FE3CCA</string>
				<string>E14F6007188A2C8400FE3CCA</string>
				<string>E44A9012D35966A4612DFA3E</string>
			</array>
			<key>buildRules</key>
			<array/>
			<key>dependencies</key>
			<array/>
			<key>isa</key>
			<string>PBXNativeTarget</string>
			<key>name</key>
			<string>SCCaptureCameraDemo</string>
			<key>productName</key>
			<string>SCCaptureCameraDemo</string>
			<key>productReference</key>
			<string>E14F6009188A2C8400FE3CCA</string>
			<key>productType</key>
			<string>com.apple.product-type.application</string>
		</dict>
		<key>E14F6009188A2C8400FE3CCA</key>
		<dict>
			<key>explicitFileType</key>
			<string>wrapper.application</string>
			<key>includeInIndex</key>
			<string>0</string>
			<key>isa</key>
			<string>PBXFileReference</string>
			<key>path</key>
			<string>SCCaptureCameraDemo.app</string>
			<key>sourceTree</key>
			<string>BUILT_PRODUCTS_DIR</string>
		</dict>
		<key>E14F600A188A2C8400FE3CCA</key>
		<dict>
			<key>children</key>
			<array>
				<string>E14F6009188A2C8400FE3CCA</string>
			</array>
			<key>isa</key>
			<string>PBXGroup</string>
			<key>name</key>
			<string>Products</string>
			<key>sourceTree</key>
			<string>&lt;group&gt;</string>
		</dict>
		<key>E14F600B188A2C8400FE3CCA</key>
		<dict>
			<key>children</key>
			<array>
				<string>47C3E0F91A0853A300DE3E22</string>
				<string>E1CF9145188E3A0900380E3E</string>
				<string>E1CF9143188E3A0500380E3E</string>
				<string>E1F1A80B188A997A00158677</string>
				<string>E1F1A809188A994300158677</string>
				<string>E14F6091188A2D6000FE3CCA</string>
				<string>E14F608F188A2D5900FE3CCA</string>
				<string>E14F608D188A2D4F00FE3CCA</string>
				<string>E14F608B188A2D3E00FE3CCA</string>
				<string>E14F600C188A2C8400FE3CCA</string>
				<string>E14F600E188A2C8400FE3CCA</string>
				<string>E14F6010188A2C8400FE3CCA</string>
				<string>393630163E6ADAD081874A2F</string>
			</array>
			<key>isa</key>
			<string>PBXGroup</string>
			<key>name</key>
			<string>Frameworks</string>
			<key>sourceTree</key>
			<string>&lt;group&gt;</string>
		</dict>
		<key>E14F600C188A2C8400FE3CCA</key>
		<dict>
			<key>isa</key>
			<string>PBXFileReference</string>
			<key>lastKnownFileType</key>
			<string>wrapper.framework</string>
			<key>name</key>
			<string>UIKit.framework</string>
			<key>path</key>
			<string>System/Library/Frameworks/UIKit.framework</string>
			<key>sourceTree</key>
			<string>SDKROOT</string>
		</dict>
		<key>E14F600D188A2C8400FE3CCA</key>
		<dict>
			<key>fileRef</key>
			<string>E14F600C188A2C8400FE3CCA</string>
			<key>isa</key>
			<string>PBXBuildFile</string>
		</dict>
		<key>E14F600E188A2C8400FE3CCA</key>
		<dict>
			<key>isa</key>
			<string>PBXFileReference</string>
			<key>lastKnownFileType</key>
			<string>wrapper.framework</string>
			<key>name</key>
			<string>Foundation.framework</string>
			<key>path</key>
			<string>System/Library/Frameworks/Foundation.framework</string>
			<key>sourceTree</key>
			<string>SDKROOT</string>
		</dict>
		<key>E14F600F188A2C8400FE3CCA</key>
		<dict>
			<key>fileRef</key>
			<string>E14F600E188A2C8400FE3CCA</string>
			<key>isa</key>
			<string>PBXBuildFile</string>
		</dict>
		<key>E14F6010188A2C8400FE3CCA</key>
		<dict>
			<key>isa</key>
			<string>PBXFileReference</string>
			<key>lastKnownFileType</key>
			<string>wrapper.framework</string>
			<key>name</key>
			<string>CoreGraphics.framework</string>
			<key>path</key>
			<string>System/Library/Frameworks/CoreGraphics.framework</string>
			<key>sourceTree</key>
			<string>SDKROOT</string>
		</dict>
		<key>E14F6011188A2C8400FE3CCA</key>
		<dict>
			<key>fileRef</key>
			<string>E14F6010188A2C8400FE3CCA</string>
			<key>isa</key>
			<string>PBXBuildFile</string>
		</dict>
		<key>E14F6012188A2C8400FE3CCA</key>
		<dict>
			<key>children</key>
			<array>
				<string>E1F1A541188A772D00158677</string>
				<string>E152FC67188B9F3500BE1AE7</string>
				<string>E1F1A550188A772D00158677</string>
				<string>E14B95C3188E7C9D00BE2690</string>
				<string>E14F601B188A2C8400FE3CCA</string>
				<string>E14F601C188A2C8400FE3CCA</string>
				<string>E14F6024188A2C8400FE3CCA</string>
				<string>E14F6025188A2C8400FE3CCA</string>
				<string>E14F6027188A2C8400FE3CCA</string>
				<string>E14F602A188A2C8400FE3CCA</string>
				<string>E14F6013188A2C8400FE3CCA</string>
			</array>
			<key>isa</key>
			<string>PBXGroup</string>
			<key>path</key>
			<string>SCCaptureCameraDemo</string>
			<key>sourceTree</key>
			<string>&lt;group&gt;</string>
		</dict>
		<key>E14F6013188A2C8400FE3CCA</key>
		<dict>
			<key>children</key>
			<array>
				<string>E14F6014188A2C8400FE3CCA</string>
				<string>E14F6015188A2C8400FE3CCA</string>
				<string>E14F6018188A2C8400FE3CCA</string>
				<string>E14F601A188A2C8400FE3CCA</string>
				<string>E14F601E188A2C8400FE3CCA</string>
				<string>E14F6020188A2C8400FE3CCA</string>
				<string>E14F6022188A2C8400FE3CCA</string>
			</array>
			<key>isa</key>
			<string>PBXGroup</string>
			<key>name</key>
			<string>Supporting Files</string>
			<key>sourceTree</key>
			<string>&lt;group&gt;</string>
		</dict>
		<key>E14F6014188A2C8400FE3CCA</key>
		<dict>
			<key>isa</key>
			<string>PBXFileReference</string>
			<key>lastKnownFileType</key>
			<string>text.plist.xml</string>
			<key>path</key>
			<string>SCCaptureCameraDemo-Info.plist</string>
			<key>sourceTree</key>
			<string>&lt;group&gt;</string>
		</dict>
		<key>E14F6015188A2C8400FE3CCA</key>
		<dict>
			<key>children</key>
			<array>
				<string>E14F6016188A2C8400FE3CCA</string>
			</array>
			<key>isa</key>
			<string>PBXVariantGroup</string>
			<key>name</key>
			<string>InfoPlist.strings</string>
			<key>sourceTree</key>
			<string>&lt;group&gt;</string>
		</dict>
		<key>E14F6016188A2C8400FE3CCA</key>
		<dict>
			<key>isa</key>
			<string>PBXFileReference</string>
			<key>lastKnownFileType</key>
			<string>text.plist.strings</string>
			<key>name</key>
			<string>en</string>
			<key>path</key>
			<string>en.lproj/InfoPlist.strings</string>
			<key>sourceTree</key>
			<string>&lt;group&gt;</string>
		</dict>
		<key>E14F6017188A2C8400FE3CCA</key>
		<dict>
			<key>fileRef</key>
			<string>E14F6015188A2C8400FE3CCA</string>
			<key>isa</key>
			<string>PBXBuildFile</string>
		</dict>
		<key>E14F6018188A2C8400FE3CCA</key>
		<dict>
			<key>isa</key>
			<string>PBXFileReference</string>
			<key>lastKnownFileType</key>
			<string>sourcecode.c.objc</string>
			<key>path</key>
			<string>main.m</string>
			<key>sourceTree</key>
			<string>&lt;group&gt;</string>
		</dict>
		<key>E14F6019188A2C8400FE3CCA</key>
		<dict>
			<key>fileRef</key>
			<string>E14F6018188A2C8400FE3CCA</string>
			<key>isa</key>
			<string>PBXBuildFile</string>
		</dict>
		<key>E14F601A188A2C8400FE3CCA</key>
		<dict>
			<key>isa</key>
			<string>PBXFileReference</string>
			<key>lastKnownFileType</key>
			<string>sourcecode.c.h</string>
			<key>path</key>
			<string>SCCaptureCameraDemo-Prefix.pch</string>
			<key>sourceTree</key>
			<string>&lt;group&gt;</string>
		</dict>
		<key>E14F601B188A2C8400FE3CCA</key>
		<dict>
			<key>isa</key>
			<string>PBXFileReference</string>
			<key>lastKnownFileType</key>
			<string>sourcecode.c.h</string>
			<key>path</key>
			<string>AppDelegate.h</string>
			<key>sourceTree</key>
			<string>&lt;group&gt;</string>
		</dict>
		<key>E14F601C188A2C8400FE3CCA</key>
		<dict>
			<key>isa</key>
			<string>PBXFileReference</string>
			<key>lastKnownFileType</key>
			<string>sourcecode.c.objc</string>
			<key>path</key>
			<string>AppDelegate.m</string>
			<key>sourceTree</key>
			<string>&lt;group&gt;</string>
		</dict>
		<key>E14F601D188A2C8400FE3CCA</key>
		<dict>
			<key>fileRef</key>
			<string>E14F601C188A2C8400FE3CCA</string>
			<key>isa</key>
			<string>PBXBuildFile</string>
		</dict>
		<key>E14F601E188A2C8400FE3CCA</key>
		<dict>
			<key>isa</key>
			<string>PBXFileReference</string>
			<key>lastKnownFileType</key>
			<string>image.png</string>
			<key>path</key>
			<string>Default.png</string>
			<key>sourceTree</key>
			<string>&lt;group&gt;</string>
		</dict>
		<key>E14F601F188A2C8400FE3CCA</key>
		<dict>
			<key>fileRef</key>
			<string>E14F601E188A2C8400FE3CCA</string>
			<key>isa</key>
			<string>PBXBuildFile</string>
		</dict>
		<key>E14F6020188A2C8400FE3CCA</key>
		<dict>
			<key>isa</key>
			<string>PBXFileReference</string>
			<key>lastKnownFileType</key>
			<string>image.png</string>
			<key>path</key>
			<string>Default@2x.png</string>
			<key>sourceTree</key>
			<string>&lt;group&gt;</string>
		</dict>
		<key>E14F6021188A2C8400FE3CCA</key>
		<dict>
			<key>fileRef</key>
			<string>E14F6020188A2C8400FE3CCA</string>
			<key>isa</key>
			<string>PBXBuildFile</string>
		</dict>
		<key>E14F6022188A2C8400FE3CCA</key>
		<dict>
			<key>isa</key>
			<string>PBXFileReference</string>
			<key>lastKnownFileType</key>
			<string>image.png</string>
			<key>path</key>
			<string>Default-568h@2x.png</string>
			<key>sourceTree</key>
			<string>&lt;group&gt;</string>
		</dict>
		<key>E14F6023188A2C8400FE3CCA</key>
		<dict>
			<key>fileRef</key>
			<string>E14F6022188A2C8400FE3CCA</string>
			<key>isa</key>
			<string>PBXBuildFile</string>
		</dict>
		<key>E14F6024188A2C8400FE3CCA</key>
		<dict>
			<key>isa</key>
			<string>PBXFileReference</string>
			<key>lastKnownFileType</key>
			<string>sourcecode.c.h</string>
			<key>path</key>
			<string>ViewController.h</string>
			<key>sourceTree</key>
			<string>&lt;group&gt;</string>
		</dict>
		<key>E14F6025188A2C8400FE3CCA</key>
		<dict>
			<key>isa</key>
			<string>PBXFileReference</string>
			<key>lastKnownFileType</key>
			<string>sourcecode.c.objc</string>
			<key>path</key>
			<string>ViewController.m</string>
			<key>sourceTree</key>
			<string>&lt;group&gt;</string>
		</dict>
		<key>E14F6026188A2C8400FE3CCA</key>
		<dict>
			<key>fileRef</key>
			<string>E14F6025188A2C8400FE3CCA</string>
			<key>isa</key>
			<string>PBXBuildFile</string>
		</dict>
		<key>E14F6027188A2C8400FE3CCA</key>
		<dict>
			<key>children</key>
			<array>
				<string>E14F6028188A2C8400FE3CCA</string>
			</array>
			<key>isa</key>
			<string>PBXVariantGroup</string>
			<key>name</key>
			<string>ViewController_iPhone.xib</string>
			<key>sourceTree</key>
			<string>&lt;group&gt;</string>
		</dict>
		<key>E14F6028188A2C8400FE3CCA</key>
		<dict>
			<key>isa</key>
			<string>PBXFileReference</string>
			<key>lastKnownFileType</key>
			<string>file.xib</string>
			<key>name</key>
			<string>en</string>
			<key>path</key>
			<string>en.lproj/ViewController_iPhone.xib</string>
			<key>sourceTree</key>
			<string>&lt;group&gt;</string>
		</dict>
		<key>E14F6029188A2C8400FE3CCA</key>
		<dict>
			<key>fileRef</key>
			<string>E14F6027188A2C8400FE3CCA</string>
			<key>isa</key>
			<string>PBXBuildFile</string>
		</dict>
		<key>E14F602A188A2C8400FE3CCA</key>
		<dict>
			<key>children</key>
			<array>
				<string>E14F602B188A2C8400FE3CCA</string>
			</array>
			<key>isa</key>
			<string>PBXVariantGroup</string>
			<key>name</key>
			<string>ViewController_iPad.xib</string>
			<key>sourceTree</key>
			<string>&lt;group&gt;</string>
		</dict>
		<key>E14F602B188A2C8400FE3CCA</key>
		<dict>
			<key>isa</key>
			<string>PBXFileReference</string>
			<key>lastKnownFileType</key>
			<string>file.xib</string>
			<key>name</key>
			<string>en</string>
			<key>path</key>
			<string>en.lproj/ViewController_iPad.xib</string>
			<key>sourceTree</key>
			<string>&lt;group&gt;</string>
		</dict>
		<key>E14F602C188A2C8400FE3CCA</key>
		<dict>
			<key>fileRef</key>
			<string>E14F602A188A2C8400FE3CCA</string>
			<key>isa</key>
			<string>PBXBuildFile</string>
		</dict>
		<key>E14F602D188A2C8400FE3CCA</key>
		<dict>
			<key>buildSettings</key>
			<dict>
				<key>ALWAYS_SEARCH_USER_PATHS</key>
				<string>NO</string>
				<key>CLANG_CXX_LANGUAGE_STANDARD</key>
				<string>gnu++0x</string>
				<key>CLANG_CXX_LIBRARY</key>
				<string>libc++</string>
				<key>CLANG_ENABLE_OBJC_ARC</key>
				<string>YES</string>
				<key>CLANG_WARN_CONSTANT_CONVERSION</key>
				<string>YES</string>
				<key>CLANG_WARN_EMPTY_BODY</key>
				<string>YES</string>
				<key>CLANG_WARN_ENUM_CONVERSION</key>
				<string>YES</string>
				<key>CLANG_WARN_INT_CONVERSION</key>
				<string>YES</string>
				<key>CLANG_WARN__DUPLICATE_METHOD_MATCH</key>
				<string>YES</string>
				<key>CODE_SIGN_IDENTITY[sdk=iphoneos*]</key>
				<string>iPhone Developer</string>
				<key>COPY_PHASE_STRIP</key>
				<string>NO</string>
				<key>GCC_C_LANGUAGE_STANDARD</key>
				<string>gnu99</string>
				<key>GCC_DYNAMIC_NO_PIC</key>
				<string>NO</string>
				<key>GCC_OPTIMIZATION_LEVEL</key>
				<string>0</string>
				<key>GCC_PREPROCESSOR_DEFINITIONS</key>
				<array>
					<string>DEBUG=1</string>
					<string>$(inherited)</string>
				</array>
				<key>GCC_SYMBOLS_PRIVATE_EXTERN</key>
				<string>NO</string>
				<key>GCC_WARN_ABOUT_RETURN_TYPE</key>
				<string>YES</string>
				<key>GCC_WARN_UNINITIALIZED_AUTOS</key>
				<string>YES</string>
				<key>GCC_WARN_UNUSED_VARIABLE</key>
				<string>YES</string>
				<key>IPHONEOS_DEPLOYMENT_TARGET</key>
				<string>6.1</string>
				<key>ONLY_ACTIVE_ARCH</key>
				<string>YES</string>
				<key>SDKROOT</key>
				<string>iphoneos</string>
				<key>TARGETED_DEVICE_FAMILY</key>
				<string>1,2</string>
			</dict>
			<key>isa</key>
			<string>XCBuildConfiguration</string>
			<key>name</key>
			<string>Debug</string>
		</dict>
		<key>E14F602E188A2C8400FE3CCA</key>
		<dict>
			<key>buildSettings</key>
			<dict>
				<key>ALWAYS_SEARCH_USER_PATHS</key>
				<string>NO</string>
				<key>CLANG_CXX_LANGUAGE_STANDARD</key>
				<string>gnu++0x</string>
				<key>CLANG_CXX_LIBRARY</key>
				<string>libc++</string>
				<key>CLANG_ENABLE_OBJC_ARC</key>
				<string>YES</string>
				<key>CLANG_WARN_CONSTANT_CONVERSION</key>
				<string>YES</string>
				<key>CLANG_WARN_EMPTY_BODY</key>
				<string>YES</string>
				<key>CLANG_WARN_ENUM_CONVERSION</key>
				<string>YES</string>
				<key>CLANG_WARN_INT_CONVERSION</key>
				<string>YES</string>
				<key>CLANG_WARN__DUPLICATE_METHOD_MATCH</key>
				<string>YES</string>
				<key>CODE_SIGN_IDENTITY[sdk=iphoneos*]</key>
				<string>iPhone Developer</string>
				<key>COPY_PHASE_STRIP</key>
				<string>YES</string>
				<key>GCC_C_LANGUAGE_STANDARD</key>
				<string>gnu99</string>
				<key>GCC_WARN_ABOUT_RETURN_TYPE</key>
				<string>YES</string>
				<key>GCC_WARN_UNINITIALIZED_AUTOS</key>
				<string>YES</string>
				<key>GCC_WARN_UNUSED_VARIABLE</key>
				<string>YES</string>
				<key>IPHONEOS_DEPLOYMENT_TARGET</key>
				<string>6.1</string>
				<key>OTHER_CFLAGS</key>
				<string>-DNS_BLOCK_ASSERTIONS=1</string>
				<key>SDKROOT</key>
				<string>iphoneos</string>
				<key>TARGETED_DEVICE_FAMILY</key>
				<string>1,2</string>
				<key>VALIDATE_PRODUCT</key>
				<string>YES</string>
			</dict>
			<key>isa</key>
			<string>XCBuildConfiguration</string>
			<key>name</key>
			<string>Release</string>
		</dict>
		<key>E14F602F188A2C8400FE3CCA</key>
		<dict>
			<key>buildConfigurations</key>
			<array>
				<string>E14F6030188A2C8400FE3CCA</string>
				<string>E14F6031188A2C8400FE3CCA</string>
			</array>
			<key>defaultConfigurationIsVisible</key>
			<string>0</string>
			<key>defaultConfigurationName</key>
			<string>Release</string>
			<key>isa</key>
			<string>XCConfigurationList</string>
		</dict>
		<key>E14F6030188A2C8400FE3CCA</key>
		<dict>
			<key>baseConfigurationReference</key>
			<string>E8F38B6EA8F31FB030446E8F</string>
			<key>buildSettings</key>
			<dict>
				<key>CODE_SIGN_IDENTITY</key>
				<string>iPhone Developer</string>
				<key>GCC_PRECOMPILE_PREFIX_HEADER</key>
				<string>YES</string>
				<key>GCC_PREFIX_HEADER</key>
				<string>SCCaptureCameraDemo/SCCaptureCameraDemo-Prefix.pch</string>
				<key>HEADER_SEARCH_PATHS</key>
				<string>$(SRCROOT)/SCGPUImageFilter/GPUImage/framework/**</string>
				<key>INFOPLIST_FILE</key>
				<string>SCCaptureCameraDemo/SCCaptureCameraDemo-Info.plist</string>
				<key>IPHONEOS_DEPLOYMENT_TARGET</key>
				<string>5.0</string>
				<key>LIBRARY_SEARCH_PATHS</key>
				<array>
					<string>$(inherited)</string>
					<string>"$(SRCROOT)/AudioManager/thirdpackage/VoiceConvert/lib"</string>
				</array>
				<key>ONLY_ACTIVE_ARCH</key>
				<string>YES</string>
				<key>PRODUCT_NAME</key>
				<string>$(TARGET_NAME)</string>
				<key>TARGETED_DEVICE_FAMILY</key>
				<string>1,2</string>
				<key>WRAPPER_EXTENSION</key>
				<string>app</string>
			</dict>
			<key>isa</key>
			<string>XCBuildConfiguration</string>
			<key>name</key>
			<string>Debug</string>
		</dict>
		<key>E14F6031188A2C8400FE3CCA</key>
		<dict>
			<key>baseConfigurationReference</key>
			<string>38C549DEDD185934AFD0031E</string>
			<key>buildSettings</key>
			<dict>
				<key>CODE_SIGN_IDENTITY</key>
				<string>iPhone Developer</string>
				<key>GCC_PRECOMPILE_PREFIX_HEADER</key>
				<string>YES</string>
				<key>GCC_PREFIX_HEADER</key>
				<string>SCCaptureCameraDemo/SCCaptureCameraDemo-Prefix.pch</string>
				<key>HEADER_SEARCH_PATHS</key>
				<string>$(SRCROOT)/SCGPUImageFilter/GPUImage/framework/**</string>
				<key>INFOPLIST_FILE</key>
				<string>SCCaptureCameraDemo/SCCaptureCameraDemo-Info.plist</string>
				<key>IPHONEOS_DEPLOYMENT_TARGET</key>
				<string>5.0</string>
				<key>LIBRARY_SEARCH_PATHS</key>
				<array>
					<string>$(inherited)</string>
					<string>"$(SRCROOT)/AudioManager/thirdpackage/VoiceConvert/lib"</string>
				</array>
				<key>ONLY_ACTIVE_ARCH</key>
				<string>YES</string>
				<key>PRODUCT_NAME</key>
				<string>$(TARGET_NAME)</string>
				<key>TARGETED_DEVICE_FAMILY</key>
				<string>1,2</string>
				<key>WRAPPER_EXTENSION</key>
				<string>app</string>
			</dict>
			<key>isa</key>
			<string>XCBuildConfiguration</string>
			<key>name</key>
			<string>Release</string>
		</dict>
		<key>E14F608B188A2D3E00FE3CCA</key>
		<dict>
			<key>isa</key>
			<string>PBXFileReference</string>
			<key>lastKnownFileType</key>
			<string>wrapper.framework</string>
			<key>name</key>
			<string>AVFoundation.framework</string>
			<key>path</key>
			<string>System/Library/Frameworks/AVFoundation.framework</string>
			<key>sourceTree</key>
			<string>SDKROOT</string>
		</dict>
		<key>E14F608D188A2D4F00FE3CCA</key>
		<dict>
			<key>isa</key>
			<string>PBXFileReference</string>
			<key>lastKnownFileType</key>
			<string>wrapper.framework</string>
			<key>name</key>
			<string>QuartzCore.framework</string>
			<key>path</key>
			<string>System/Library/Frameworks/QuartzCore.framework</string>
			<key>sourceTree</key>
			<string>SDKROOT</string>
		</dict>
		<key>E14F608F188A2D5900FE3CCA</key>
		<dict>
			<key>isa</key>
			<string>PBXFileReference</string>
			<key>lastKnownFileType</key>
			<string>wrapper.framework</string>
			<key>name</key>
			<string>ImageIO.framework</string>
			<key>path</key>
			<string>System/Library/Frameworks/ImageIO.framework</string>
			<key>sourceTree</key>
			<string>SDKROOT</string>
		</dict>
		<key>E14F6091188A2D6000FE3CCA</key>
		<dict>
			<key>isa</key>
			<string>PBXFileReference</string>
			<key>lastKnownFileType</key>
			<string>wrapper.framework</string>
			<key>name</key>
			<string>CoreMedia.framework</string>
			<key>path</key>
			<string>System/Library/Frameworks/CoreMedia.framework</string>
			<key>sourceTree</key>
			<string>SDKROOT</string>
		</dict>
		<key>E14F6093188A2D7700FE3CCA</key>
		<dict>
			<key>fileRef</key>
			<string>E14F6091188A2D6000FE3CCA</string>
			<key>isa</key>
			<string>PBXBuildFile</string>
		</dict>
		<key>E14F6094188A2D7D00FE3CCA</key>
		<dict>
			<key>fileRef</key>
			<string>E14F608F188A2D5900FE3CCA</string>
			<key>isa</key>
			<string>PBXBuildFile</string>
		</dict>
		<key>E14F6095188A2D8100FE3CCA</key>
		<dict>
			<key>fileRef</key>
			<string>E14F608B188A2D3E00FE3CCA</string>
			<key>isa</key>
			<string>PBXBuildFile</string>
		</dict>
		<key>E14F6096188A2ED000FE3CCA</key>
		<dict>
			<key>fileRef</key>
			<string>E14F608D188A2D4F00FE3CCA</string>
			<key>isa</key>
			<string>PBXBuildFile</string>
		</dict>
		<key>E152FC61188B78C600BE1AE7</key>
		<dict>
			<key>isa</key>
			<string>PBXFileReference</string>
			<key>lastKnownFileType</key>
			<string>image.png</string>
			<key>path</key>
			<string>touch_focus_x@2x.png</string>
			<key>sourceTree</key>
			<string>&lt;group&gt;</string>
		</dict>
		<key>E152FC62188B78C600BE1AE7</key>
		<dict>
			<key>isa</key>
			<string>PBXFileReference</string>
			<key>lastKnownFileType</key>
			<string>image.png</string>
			<key>path</key>
			<string>touch_focus_x.png</string>
			<key>sourceTree</key>
			<string>&lt;group&gt;</string>
		</dict>
		<key>E152FC63188B78C600BE1AE7</key>
		<dict>
			<key>fileRef</key>
			<string>E152FC61188B78C600BE1AE7</string>
			<key>isa</key>
			<string>PBXBuildFile</string>
		</dict>
		<key>E152FC64188B78C600BE1AE7</key>
		<dict>
			<key>fileRef</key>
			<string>E152FC62188B78C600BE1AE7</string>
			<key>isa</key>
			<string>PBXBuildFile</string>
		</dict>
		<key>E152FC67188B9F3500BE1AE7</key>
		<dict>
			<key>children</key>
			<array>
				<string>E157BB7718935D7400D80041</string>
				<string>E157BB7318935CF600D80041</string>
				<string>E157BB7418935CF600D80041</string>
			</array>
			<key>isa</key>
			<string>PBXGroup</string>
			<key>name</key>
			<string>SCCommon</string>
			<key>path</key>
			<string>../SCGPUImageFilter</string>
			<key>sourceTree</key>
			<string>&lt;group&gt;</string>
		</dict>
		<key>E157BB7018935CD300D80041</key>
		<dict>
			<key>fileEncoding</key>
			<string>4</string>
			<key>isa</key>
			<string>PBXFileReference</string>
			<key>lastKnownFileType</key>
			<string>sourcecode.c.h</string>
			<key>path</key>
			<string>SCSlider.h</string>
			<key>sourceTree</key>
			<string>&lt;group&gt;</string>
		</dict>
		<key>E157BB7118935CD300D80041</key>
		<dict>
			<key>fileEncoding</key>
			<string>4</string>
			<key>isa</key>
			<string>PBXFileReference</string>
			<key>lastKnownFileType</key>
			<string>sourcecode.c.objc</string>
			<key>path</key>
			<string>SCSlider.m</string>
			<key>sourceTree</key>
			<string>&lt;group&gt;</string>
		</dict>
		<key>E157BB7218935CD400D80041</key>
		<dict>
			<key>fileRef</key>
			<string>E157BB7118935CD300D80041</string>
			<key>isa</key>
			<string>PBXBuildFile</string>
		</dict>
		<key>E157BB7318935CF600D80041</key>
		<dict>
			<key>fileEncoding</key>
			<string>4</string>
			<key>isa</key>
			<string>PBXFileReference</string>
			<key>lastKnownFileType</key>
			<string>sourcecode.c.h</string>
			<key>name</key>
			<string>SCCommon.h</string>
			<key>path</key>
			<string>SCCommon/SCCommon.h</string>
			<key>sourceTree</key>
			<string>SOURCE_ROOT</string>
		</dict>
		<key>E157BB7418935CF600D80041</key>
		<dict>
			<key>fileEncoding</key>
			<string>4</string>
			<key>isa</key>
			<string>PBXFileReference</string>
			<key>lastKnownFileType</key>
			<string>sourcecode.c.objc</string>
			<key>name</key>
			<string>SCCommon.m</string>
			<key>path</key>
			<string>SCCommon/SCCommon.m</string>
			<key>sourceTree</key>
			<string>SOURCE_ROOT</string>
		</dict>
		<key>E157BB7518935CF600D80041</key>
		<dict>
			<key>fileRef</key>
			<string>E157BB7418935CF600D80041</string>
			<key>isa</key>
			<string>PBXBuildFile</string>
		</dict>
		<key>E157BB7718935D7400D80041</key>
		<dict>
			<key>fileEncoding</key>
			<string>4</string>
			<key>isa</key>
			<string>PBXFileReference</string>
			<key>lastKnownFileType</key>
			<string>sourcecode.c.h</string>
			<key>name</key>
			<string>SCDefines.h</string>
			<key>path</key>
			<string>SCCommon/SCDefines.h</string>
			<key>sourceTree</key>
			<string>SOURCE_ROOT</string>
		</dict>
		<key>E157BB7E189366CF00D80041</key>
		<dict>
			<key>children</key>
			<array>
				<string>E157BB7F189366CF00D80041</string>
				<string>E157BB80189366CF00D80041</string>
				<string>E157BB81189366CF00D80041</string>
			</array>
			<key>isa</key>
			<string>PBXGroup</string>
			<key>path</key>
			<string>SVProgressHUD</string>
			<key>sourceTree</key>
			<string>&lt;group&gt;</string>
		</dict>
		<key>E157BB7F189366CF00D80041</key>
		<dict>
			<key>isa</key>
			<string>PBXFileReference</string>
			<key>lastKnownFileType</key>
			<string>wrapper.plug-in</string>
			<key>path</key>
			<string>SVProgressHUD.bundle</string>
			<key>sourceTree</key>
			<string>&lt;group&gt;</string>
		</dict>
		<key>E157BB80189366CF00D80041</key>
		<dict>
			<key>fileEncoding</key>
			<string>4</string>
			<key>isa</key>
			<string>PBXFileReference</string>
			<key>lastKnownFileType</key>
			<string>sourcecode.c.h</string>
			<key>path</key>
			<string>SVProgressHUD.h</string>
			<key>sourceTree</key>
			<string>&lt;group&gt;</string>
		</dict>
		<key>E157BB81189366CF00D80041</key>
		<dict>
			<key>fileEncoding</key>
			<string>4</string>
			<key>isa</key>
			<string>PBXFileReference</string>
			<key>lastKnownFileType</key>
			<string>sourcecode.c.objc</string>
			<key>path</key>
			<string>SVProgressHUD.m</string>
			<key>sourceTree</key>
			<string>&lt;group&gt;</string>
		</dict>
		<key>E157BB82189366CF00D80041</key>
		<dict>
			<key>fileRef</key>
			<string>E157BB7F189366CF00D80041</string>
			<key>isa</key>
			<string>PBXBuildFile</string>
		</dict>
		<key>E157BB83189366CF00D80041</key>
		<dict>
			<key>fileRef</key>
			<string>E157BB81189366CF00D80041</string>
			<key>isa</key>
			<string>PBXBuildFile</string>
		</dict>
		<key>E1CF9143188E3A0500380E3E</key>
		<dict>
			<key>isa</key>
			<string>PBXFileReference</string>
			<key>lastKnownFileType</key>
			<string>wrapper.framework</string>
			<key>name</key>
			<string>AudioToolbox.framework</string>
			<key>path</key>
			<string>System/Library/Frameworks/AudioToolbox.framework</string>
			<key>sourceTree</key>
			<string>SDKROOT</string>
		</dict>
		<key>E1CF9145188E3A0900380E3E</key>
		<dict>
			<key>isa</key>
			<string>PBXFileReference</string>
			<key>lastKnownFileType</key>
			<string>wrapper.framework</string>
			<key>name</key>
			<string>CoreAudio.framework</string>
			<key>path</key>
			<string>System/Library/Frameworks/CoreAudio.framework</string>
			<key>sourceTree</key>
			<string>SDKROOT</string>
		</dict>
		<key>E1F1A541188A772D00158677</key>
		<dict>
			<key>children</key>
			<array>
				<string>E157BB7E189366CF00D80041</string>
				<string>E1F1A542188A772D00158677</string>
			</array>
			<key>isa</key>
			<string>PBXGroup</string>
			<key>path</key>
			<string>Vendor</string>
			<key>sourceTree</key>
			<string>SOURCE_ROOT</string>
		</dict>
		<key>E1F1A542188A772D00158677</key>
		<dict>
			<key>children</key>
			<array>
				<string>E1F1A543188A772D00158677</string>
				<string>E1F1A544188A772D00158677</string>
				<string>E1F1A545188A772D00158677</string>
				<string>E1F1A546188A772D00158677</string>
				<string>E1F1A547188A772D00158677</string>
				<string>E1F1A548188A772D00158677</string>
				<string>E1F1A549188A772D00158677</string>
				<string>E1F1A54A188A772D00158677</string>
				<string>E1F1A54B188A772D00158677</string>
				<string>E1F1A54C188A772D00158677</string>
				<string>E1F1A54D188A772D00158677</string>
				<string>E1F1A54E188A772D00158677</string>
				<string>E1F1A54F188A772D00158677</string>
			</array>
			<key>isa</key>
			<string>PBXGroup</string>
			<key>path</key>
			<string>DCIntrospect-ARC</string>
			<key>sourceTree</key>
			<string>&lt;group&gt;</string>
		</dict>
		<key>E1F1A543188A772D00158677</key>
		<dict>
			<key>fileEncoding</key>
			<string>4</string>
			<key>isa</key>
			<string>PBXFileReference</string>
			<key>lastKnownFileType</key>
			<string>sourcecode.c.h</string>
			<key>path</key>
			<string>DCCrossHairView.h</string>
			<key>sourceTree</key>
			<string>&lt;group&gt;</string>
		</dict>
		<key>E1F1A544188A772D00158677</key>
		<dict>
			<key>fileEncoding</key>
			<string>4</string>
			<key>isa</key>
			<string>PBXFileReference</string>
			<key>lastKnownFileType</key>
			<string>sourcecode.c.objc</string>
			<key>path</key>
			<string>DCCrossHairView.m</string>
			<key>sourceTree</key>
			<string>&lt;group&gt;</string>
		</dict>
		<key>E1F1A545188A772D00158677</key>
		<dict>
			<key>fileEncoding</key>
			<string>4</string>
			<key>isa</key>
			<string>PBXFileReference</string>
			<key>lastKnownFileType</key>
			<string>sourcecode.c.h</string>
			<key>path</key>
			<string>DCFrameView.h</string>
			<key>sourceTree</key>
			<string>&lt;group&gt;</string>
		</dict>
		<key>E1F1A546188A772D00158677</key>
		<dict>
			<key>fileEncoding</key>
			<string>4</string>
			<key>isa</key>
			<string>PBXFileReference</string>
			<key>lastKnownFileType</key>
			<string>sourcecode.c.objc</string>
			<key>path</key>
			<string>DCFrameView.m</string>
			<key>sourceTree</key>
			<string>&lt;group&gt;</string>
		</dict>
		<key>E1F1A547188A772D00158677</key>
		<dict>
			<key>fileEncoding</key>
			<string>4</string>
			<key>isa</key>
			<string>PBXFileReference</string>
			<key>lastKnownFileType</key>
			<string>sourcecode.c.h</string>
			<key>path</key>
			<string>DCIntrospect.h</string>
			<key>sourceTree</key>
			<string>&lt;group&gt;</string>
		</dict>
		<key>E1F1A548188A772D00158677</key>
		<dict>
			<key>fileEncoding</key>
			<string>4</string>
			<key>isa</key>
			<string>PBXFileReference</string>
			<key>lastKnownFileType</key>
			<string>sourcecode.c.objc</string>
			<key>path</key>
			<string>DCIntrospect.m</string>
			<key>sourceTree</key>
			<string>&lt;group&gt;</string>
		</dict>
		<key>E1F1A549188A772D00158677</key>
		<dict>
			<key>fileEncoding</key>
			<string>4</string>
			<key>isa</key>
			<string>PBXFileReference</string>
			<key>lastKnownFileType</key>
			<string>sourcecode.c.h</string>
			<key>path</key>
			<string>DCIntrospectSettings.h</string>
			<key>sourceTree</key>
			<string>&lt;group&gt;</string>
		</dict>
		<key>E1F1A54A188A772D00158677</key>
		<dict>
			<key>fileEncoding</key>
			<string>4</string>
			<key>isa</key>
			<string>PBXFileReference</string>
			<key>lastKnownFileType</key>
			<string>sourcecode.c.h</string>
			<key>path</key>
			<string>DCStatusBarOverlay.h</string>
			<key>sourceTree</key>
			<string>&lt;group&gt;</string>
		</dict>
		<key>E1F1A54B188A772D00158677</key>
		<dict>
			<key>fileEncoding</key>
			<string>4</string>
			<key>isa</key>
			<string>PBXFileReference</string>
			<key>lastKnownFileType</key>
			<string>sourcecode.c.objc</string>
			<key>path</key>
			<string>DCStatusBarOverlay.m</string>
			<key>sourceTree</key>
			<string>&lt;group&gt;</string>
		</dict>
		<key>E1F1A54C188A772D00158677</key>
		<dict>
			<key>fileEncoding</key>
			<string>4</string>
			<key>isa</key>
			<string>PBXFileReference</string>
			<key>lastKnownFileType</key>
			<string>sourcecode.c.h</string>
			<key>path</key>
			<string>DCTextView.h</string>
			<key>sourceTree</key>
			<string>&lt;group&gt;</string>
		</dict>
		<key>E1F1A54D188A772D00158677</key>
		<dict>
			<key>fileEncoding</key>
			<string>4</string>
			<key>isa</key>
			<string>PBXFileReference</string>
			<key>lastKnownFileType</key>
			<string>sourcecode.c.objc</string>
			<key>path</key>
			<string>DCTextView.m</string>
			<key>sourceTree</key>
			<string>&lt;group&gt;</string>
		</dict>
		<key>E1F1A54E188A772D00158677</key>
		<dict>
			<key>fileEncoding</key>
			<string>4</string>
			<key>isa</key>
			<string>PBXFileReference</string>
			<key>lastKnownFileType</key>
			<string>sourcecode.c.h</string>
			<key>path</key>
			<string>UIView+DCAdditions.h</string>
			<key>sourceTree</key>
			<string>&lt;group&gt;</string>
		</dict>
		<key>E1F1A54F188A772D00158677</key>
		<dict>
			<key>fileEncoding</key>
			<string>4</string>
			<key>isa</key>
			<string>PBXFileReference</string>
			<key>lastKnownFileType</key>
			<string>sourcecode.c.objc</string>
			<key>path</key>
			<string>UIView+DCAdditions.m</string>
			<key>sourceTree</key>
			<string>&lt;group&gt;</string>
		</dict>
		<key>E1F1A550188A772D00158677</key>
		<dict>
			<key>children</key>
			<array>
				<string>E1F1A551188A772D00158677</string>
				<string>E1F1A570188A772D00158677</string>
				<string>E1F1A571188A772D00158677</string>
				<string>E1F1A56C188A772D00158677</string>
				<string>E1F1A56D188A772D00158677</string>
				<string>E1F1A56E188A772D00158677</string>
				<string>E1F1A56F188A772D00158677</string>
				<string>E1F1A572188A772D00158677</string>
				<string>E1F1A573188A772D00158677</string>
				<string>E157BB7018935CD300D80041</string>
				<string>E157BB7118935CD300D80041</string>
			</array>
			<key>isa</key>
			<string>PBXGroup</string>
			<key>path</key>
			<string>SCCaptureCamera</string>
			<key>sourceTree</key>
			<string>SOURCE_ROOT</string>
		</dict>
		<key>E1F1A551188A772D00158677</key>
		<dict>
			<key>children</key>
			<array>
				<string>E11D96AA18BAEA84005012B9</string>
				<string>E1F1A552188A772D00158677</string>
			</array>
			<key>isa</key>
			<string>PBXGroup</string>
			<key>path</key>
			<string>images</string>
			<key>sourceTree</key>
			<string>&lt;group&gt;</string>
		</dict>
		<key>E1F1A552188A772D00158677</key>
		<dict>
			<key>children</key>
			<array>
				<string>47EE25D419D4670E00755E90</string>
				<string>E152FC61188B78C600BE1AE7</string>
				<string>E152FC62188B78C600BE1AE7</string>
				<string>E1F1A569188A772D00158677</string>
				<string>E1F1A56A188A772D00158677</string>
				<string>E1F1A55C188A772D00158677</string>
				<string>E1F1A55E188A772D00158677</string>
				<string>E1F1A560188A772D00158677</string>
				<string>E1F1A562188A772D00158677</string>
				<string>E1F1A564188A772D00158677</string>
				<string>E1F1A566188A772D00158677</string>
			</array>
			<key>isa</key>
			<string>PBXGroup</string>
			<key>path</key>
			<string>SCCamera</string>
			<key>sourceTree</key>
			<string>&lt;group&gt;</string>
		</dict>
		<key>E1F1A55C188A772D00158677</key>
		<dict>
			<key>isa</key>
			<string>PBXFileReference</string>
			<key>lastKnownFileType</key>
			<string>image.png</string>
			<key>path</key>
			<string>flashing_auto@2x.png</string>
			<key>sourceTree</key>
			<string>&lt;group&gt;</string>
		</dict>
		<key>E1F1A55E188A772D00158677</key>
		<dict>
			<key>isa</key>
			<string>PBXFileReference</string>
			<key>lastKnownFileType</key>
			<string>image.png</string>
			<key>path</key>
			<string>flashing_off@2x.png</string>
			<key>sourceTree</key>
			<string>&lt;group&gt;</string>
		</dict>
		<key>E1F1A560188A772D00158677</key>
		<dict>
			<key>isa</key>
			<string>PBXFileReference</string>
			<key>lastKnownFileType</key>
			<string>image.png</string>
			<key>path</key>
			<string>flashing_on@2x.png</string>
			<key>sourceTree</key>
			<string>&lt;group&gt;</string>
		</dict>
		<key>E1F1A562188A772D00158677</key>
		<dict>
			<key>isa</key>
			<string>PBXFileReference</string>
			<key>lastKnownFileType</key>
			<string>image.png</string>
			<key>path</key>
			<string>shot@2x.png</string>
			<key>sourceTree</key>
			<string>&lt;group&gt;</string>
		</dict>
		<key>E1F1A564188A772D00158677</key>
		<dict>
			<key>isa</key>
			<string>PBXFileReference</string>
			<key>lastKnownFileType</key>
			<string>image.png</string>
			<key>path</key>
			<string>shot_h@2x.png</string>
			<key>sourceTree</key>
			<string>&lt;group&gt;</string>
		</dict>
		<key>E1F1A566188A772D00158677</key>
		<dict>
			<key>isa</key>
			<string>PBXFileReference</string>
			<key>lastKnownFileType</key>
			<string>image.png</string>
			<key>path</key>
			<string>switch_camera@2x.png</string>
			<key>sourceTree</key>
			<string>&lt;group&gt;</string>
		</dict>
		<key>E1F1A569188A772D00158677</key>
		<dict>
			<key>isa</key>
			<string>PBXFileReference</string>
			<key>lastKnownFileType</key>
			<string>image.png</string>
			<key>path</key>
			<string>touch_focus.png</string>
			<key>sourceTree</key>
			<string>&lt;group&gt;</string>
		</dict>
		<key>E1F1A56A188A772D00158677</key>
		<dict>
			<key>isa</key>
			<string>PBXFileReference</string>
			<key>lastKnownFileType</key>
			<string>image.png</string>
			<key>path</key>
			<string>touch_focus@2x.png</string>
			<key>sourceTree</key>
			<string>&lt;group&gt;</string>
		</dict>
		<key>E1F1A56C188A772D00158677</key>
		<dict>
			<key>fileEncoding</key>
			<string>4</string>
			<key>isa</key>
			<string>PBXFileReference</string>
			<key>lastKnownFileType</key>
			<string>sourcecode.c.h</string>
			<key>path</key>
			<string>SCCaptureCameraController.h</string>
			<key>sourceTree</key>
			<string>&lt;group&gt;</string>
		</dict>
		<key>E1F1A56D188A772D00158677</key>
		<dict>
			<key>fileEncoding</key>
			<string>4</string>
			<key>isa</key>
			<string>PBXFileReference</string>
			<key>lastKnownFileType</key>
			<string>sourcecode.c.objc</string>
			<key>path</key>
			<string>SCCaptureCameraController.m</string>
			<key>sourceTree</key>
			<string>&lt;group&gt;</string>
		</dict>
		<key>E1F1A56E188A772D00158677</key>
		<dict>
			<key>fileEncoding</key>
			<string>4</string>
			<key>isa</key>
			<string>PBXFileReference</string>
			<key>lastKnownFileType</key>
			<string>sourcecode.c.h</string>
			<key>path</key>
			<string>SCCaptureSessionManager.h</string>
			<key>sourceTree</key>
			<string>&lt;group&gt;</string>
		</dict>
		<key>E1F1A56F188A772D00158677</key>
		<dict>
			<key>fileEncoding</key>
			<string>4</string>
			<key>isa</key>
			<string>PBXFileReference</string>
			<key>lastKnownFileType</key>
			<string>sourcecode.c.objc</string>
			<key>path</key>
			<string>SCCaptureSessionManager.m</string>
			<key>sourceTree</key>
			<string>&lt;group&gt;</string>
		</dict>
		<key>E1F1A570188A772D00158677</key>
		<dict>
			<key>fileEncoding</key>
			<string>4</string>
			<key>isa</key>
			<string>PBXFileReference</string>
			<key>lastKnownFileType</key>
			<string>sourcecode.c.h</string>
			<key>path</key>
			<string>SCNavigationController.h</string>
			<key>sourceTree</key>
			<string>&lt;group&gt;</string>
		</dict>
		<key>E1F1A571188A772D00158677</key>
		<dict>
			<key>fileEncoding</key>
			<string>4</string>
			<key>isa</key>
			<string>PBXFileReference</string>
			<key>lastKnownFileType</key>
			<string>sourcecode.c.objc</string>
			<key>path</key>
			<string>SCNavigationController.m</string>
			<key>sourceTree</key>
			<string>&lt;group&gt;</string>
		</dict>
		<key>E1F1A572188A772D00158677</key>
		<dict>
			<key>fileEncoding</key>
			<string>4</string>
			<key>isa</key>
			<string>PBXFileReference</string>
			<key>lastKnownFileType</key>
			<string>sourcecode.c.h</string>
			<key>path</key>
			<string>UIImage+Resize.h</string>
			<key>sourceTree</key>
			<string>&lt;group&gt;</string>
		</dict>
		<key>E1F1A573188A772D00158677</key>
		<dict>
			<key>fileEncoding</key>
			<string>4</string>
			<key>isa</key>
			<string>PBXFileReference</string>
			<key>lastKnownFileType</key>
			<string>sourcecode.c.objc</string>
			<key>path</key>
			<string>UIImage+Resize.m</string>
			<key>sourceTree</key>
			<string>&lt;group&gt;</string>
		</dict>
		<key>E1F1A6EF188A773400158677</key>
		<dict>
			<key>fileRef</key>
			<string>E1F1A544188A772D00158677</string>
			<key>isa</key>
			<string>PBXBuildFile</string>
		</dict>
		<key>E1F1A6F0188A773400158677</key>
		<dict>
			<key>fileRef</key>
			<string>E1F1A546188A772D00158677</string>
			<key>isa</key>
			<string>PBXBuildFile</string>
		</dict>
		<key>E1F1A6F1188A773400158677</key>
		<dict>
			<key>fileRef</key>
			<string>E1F1A548188A772D00158677</string>
			<key>isa</key>
			<string>PBXBuildFile</string>
		</dict>
		<key>E1F1A6F2188A773400158677</key>
		<dict>
			<key>fileRef</key>
			<string>E1F1A54B188A772D00158677</string>
			<key>isa</key>
			<string>PBXBuildFile</string>
		</dict>
		<key>E1F1A6F3188A773400158677</key>
		<dict>
			<key>fileRef</key>
			<string>E1F1A54D188A772D00158677</string>
			<key>isa</key>
			<string>PBXBuildFile</string>
		</dict>
		<key>E1F1A6F4188A773400158677</key>
		<dict>
			<key>fileRef</key>
			<string>E1F1A54F188A772D00158677</string>
			<key>isa</key>
			<string>PBXBuildFile</string>
		</dict>
		<key>E1F1A6FE188A773400158677</key>
		<dict>
			<key>fileRef</key>
			<string>E1F1A55C188A772D00158677</string>
			<key>isa</key>
			<string>PBXBuildFile</string>
		</dict>
		<key>E1F1A700188A773400158677</key>
		<dict>
			<key>fileRef</key>
			<string>E1F1A55E188A772D00158677</string>
			<key>isa</key>
			<string>PBXBuildFile</string>
		</dict>
		<key>E1F1A702188A773400158677</key>
		<dict>
			<key>fileRef</key>
			<string>E1F1A560188A772D00158677</string>
			<key>isa</key>
			<string>PBXBuildFile</string>
		</dict>
		<key>E1F1A704188A773400158677</key>
		<dict>
			<key>fileRef</key>
			<string>E1F1A562188A772D00158677</string>
			<key>isa</key>
			<string>PBXBuildFile</string>
		</dict>
		<key>E1F1A706188A773400158677</key>
		<dict>
			<key>fileRef</key>
			<string>E1F1A564188A772D00158677</string>
			<key>isa</key>
			<string>PBXBuildFile</string>
		</dict>
		<key>E1F1A708188A773400158677</key>
		<dict>
			<key>fileRef</key>
			<string>E1F1A566188A772D00158677</string>
			<key>isa</key>
			<string>PBXBuildFile</string>
		</dict>
		<key>E1F1A70B188A773400158677</key>
		<dict>
			<key>fileRef</key>
			<string>E1F1A569188A772D00158677</string>
			<key>isa</key>
			<string>PBXBuildFile</string>
		</dict>
		<key>E1F1A70C188A773400158677</key>
		<dict>
			<key>fileRef</key>
			<string>E1F1A56A188A772D00158677</string>
			<key>isa</key>
			<string>PBXBuildFile</string>
		</dict>
		<key>E1F1A70D188A773400158677</key>
		<dict>
			<key>fileRef</key>
			<string>E1F1A56D188A772D00158677</string>
			<key>isa</key>
			<string>PBXBuildFile</string>
		</dict>
		<key>E1F1A70E188A773400158677</key>
		<dict>
			<key>fileRef</key>
			<string>E1F1A56F188A772D00158677</string>
			<key>isa</key>
			<string>PBXBuildFile</string>
		</dict>
		<key>E1F1A70F188A773400158677</key>
		<dict>
			<key>fileRef</key>
			<string>E1F1A571188A772D00158677</string>
			<key>isa</key>
			<string>PBXBuildFile</string>
		</dict>
		<key>E1F1A710188A773400158677</key>
		<dict>
			<key>fileRef</key>
			<string>E1F1A573188A772D00158677</string>
			<key>isa</key>
			<string>PBXBuildFile</string>
		</dict>
		<key>E1F1A809188A994300158677</key>
		<dict>
			<key>isa</key>
			<string>PBXFileReference</string>
			<key>lastKnownFileType</key>
			<string>wrapper.framework</string>
			<key>name</key>
			<string>OpenGLES.framework</string>
			<key>path</key>
			<string>System/Library/Frameworks/OpenGLES.framework</string>
			<key>sourceTree</key>
			<string>SDKROOT</string>
		</dict>
		<key>E1F1A80B188A997A00158677</key>
		<dict>
			<key>isa</key>
			<string>PBXFileReference</string>
			<key>lastKnownFileType</key>
			<string>wrapper.framework</string>
			<key>name</key>
			<string>CoreVideo.framework</string>
			<key>path</key>
			<string>System/Library/Frameworks/CoreVideo.framework</string>
			<key>sourceTree</key>
			<string>SDKROOT</string>
		</dict>
		<key>E44A9012D35966A4612DFA3E</key>
		<dict>
			<key>buildActionMask</key>
			<string>2147483647</string>
			<key>files</key>
			<array/>
			<key>inputPaths</key>
			<array/>
			<key>isa</key>
			<string>PBXShellScriptBuildPhase</string>
			<key>name</key>
			<string>Copy Pods Resources</string>
			<key>outputPaths</key>
			<array/>
			<key>runOnlyForDeploymentPostprocessing</key>
			<string>0</string>
			<key>shellPath</key>
			<string>/bin/sh</string>
			<key>shellScript</key>
			<string>"${SRCROOT}/Pods/Target Support Files/Pods/Pods-resources.sh"
</string>
			<key>showEnvVarsInLog</key>
			<string>0</string>
		</dict>
		<key>E8F38B6EA8F31FB030446E8F</key>
		<dict>
			<key>includeInIndex</key>
			<string>1</string>
			<key>isa</key>
			<string>PBXFileReference</string>
			<key>lastKnownFileType</key>
			<string>text.xcconfig</string>
			<key>name</key>
			<string>Pods.debug.xcconfig</string>
			<key>path</key>
			<string>Pods/Target Support Files/Pods/Pods.debug.xcconfig</string>
			<key>sourceTree</key>
			<string>&lt;group&gt;</string>
		</dict>
	</dict>
	<key>rootObject</key>
	<string>E14F6001188A2C8400FE3CCA</string>
</dict>
</plist>
